
Microsoft Visual Studio Solution File, Format Version 12.00
# Visual Studio Version 16
VisualStudioVersion = 25.0.1703.8
MinimumVisualStudioVersion = 10.0.40219.1
Project("{FAE04EC0-301F-11D3-BF4B-00C04F79EFBC}") = "soundlib", "soundlib\soundlib.csproj", "{953B9741-07D3-4559-B120-1D2597097BA2}"
EndProject
Project("{2150E333-8FDC-42A3-9474-1A3956D46DE8}") = "Solution Items", "Solution Items", "{D0244803-977D-4FC5-9730-9AC7EF3CCDFF}"
EndProject
Global
	GlobalSection(SolutionConfigurationPlatforms) = preSolution
		Debug|Any CPU = Debug|Any CPU
		Release|Any CPU = Release|Any CPU
	EndGlobalSection
	GlobalSection(ProjectConfigurationPlatforms) = postSolution
		{953B9741-07D3-4559-B120-1D2597097BA2}.Debug|Any CPU.ActiveCfg = Debug|Any CPU
		{953B9741-07D3-4559-B120-1D2597097BA2}.Debug|Any CPU.Build.0 = Debug|Any CPU
		{953B9741-07D3-4559-B120-1D2597097BA2}.Release|Any CPU.ActiveCfg = Release|Any CPU
		{953B9741-07D3-4559-B120-1D2597097BA2}.Release|Any CPU.Build.0 = Release|Any CPU
	EndGlobalSection
	GlobalSection(SolutionProperties) = preSolution
		HideSolutionNode = FALSE
	EndGlobalSection
	GlobalSection(ExtensibilityGlobals) = postSolution
		SolutionGuid = {E815425E-02FB-48D1-8C65-23182F6CBFEB}
	EndGlobalSection
EndGlobal
